
Microsoft Visual Studio Solution File, Format Version 12.00
# Visual Studio Version 16
VisualStudioVersion = 16.0.33529.622
MinimumVisualStudioVersion = 10.0.40219.1
Project("{FAE04EC0-301F-11D3-BF4B-00C04F79EFBC}") = "Calculator", "Calculator\Calculator.csproj", "{22D3FA33-623F-4636-BD07-392CAB0CE086}"
EndProject
Global
	GlobalSection(SolutionConfigurationPlatforms) = preSolution
		Debug|Any CPU = Debug|Any CPU
		Release|Any CPU = Release|Any CPU
	EndGlobalSection
	GlobalSection(ProjectConfigurationPlatforms) = postSolution
		{22D3FA33-623F-4636-BD07-392CAB0CE086}.Debug|Any CPU.ActiveCfg = Debug|Any CPU
		{22D3FA33-623F-4636-BD07-392CAB0CE086}.Debug|Any CPU.Build.0 = Debug|Any CPU
		{22D3FA33-623F-4636-BD07-392CAB0CE086}.Release|Any CPU.ActiveCfg = Release|Any CPU
		{22D3FA33-623F-4636-BD07-392CAB0CE086}.Release|Any CPU.Build.0 = Release|Any CPU
	EndGlobalSection
	GlobalSection(SolutionProperties) = preSolution
		HideSolutionNode = FALSE
	EndGlobalSection
	GlobalSection(ExtensibilityGlobals) = postSolution
		SolutionGuid = {4FA09705-2937-4922-9BEF-1ED021C6AE5B}
	EndGlobalSection
EndGlobal
